Microsoft Visual Studio Solution File, Format Version 12.00
# Visual Studio Version 16
VisualStudioVersion = 16.0.30406.217
MinimumVisualStudioVersion = 10.0.40219.1
Project("{8BC9CEB8-8B4A-11D0-8D11-00A0C91BC942}") = "libqhull", "build\libqhull.vcxproj", "{51BD63AB-336E-4215-B725-21F144BCBCBC}"
EndProject
Project("{8BC9CEB8-8B4A-11D0-8D11-00A0C91BC942}") = "qconvex", "build\qconvex.vcxproj", "{F909F400-6805-477F-B85B-5230DED4CB55}"
EndProject
Project("{8BC9CEB8-8B4A-11D0-8D11-00A0C91BC942}") = "qdelaunay", "build\qdelaunay.vcxproj", "{10EB0D60-E1A6-41FC-BD86-A4BC5814B535}"
EndProject
Project("{8BC9CEB8-8B4A-11D0-8D11-00A0C91BC942}") = "qhalf", "build\qhalf.vcxproj", "{4C67E982-8B07-43B8-836E-EB7495176740}"
EndProject
Project("{8BC9CEB8-8B4A-11D0-8D11-00A0C91BC942}") = "qhull", "build\qhull.vcxproj", "{6D8411B9-813D-4DE4-84B5-56C0BC381A14}"
EndProject
Project("{8BC9CEB8-8B4A-11D0-8D11-00A0C91BC942}") = "qhull_r", "build\qhull_r.vcxproj", "{DA9B53C4-2817-4E37-9181-E61959CBB0FE}"
EndProject
Project("{8BC9CEB8-8B4A-11D0-8D11-00A0C91BC942}") = "qhullcpp", "build\qhullcpp.vcxproj", "{7326816B-C401-4ACA-8027-03BA7A98C16B}"
EndProject
Project("{8BC9CEB8-8B4A-11D0-8D11-00A0C91BC942}") = "qhullstatic", "build\qhullstatic.vcxproj", "{5B24F2E7-EF6E-4AF6-B2CE-1E049B1A12AC}"
EndProject
Project("{8BC9CEB8-8B4A-11D0-8D11-00A0C91BC942}") = "qhullstatic_r", "build\qhullstatic_r.vcxproj", "{635EC42D-5C25-4D20-B5C2-D0A0034EB9B8}"
EndProject
Project("{8BC9CEB8-8B4A-11D0-8D11-00A0C91BC942}") = "qvoronoi", "build\qvoronoi.vcxproj", "{0807C09D-455C-417A-A979-2081F170C923}"
EndProject
Project("{8BC9CEB8-8B4A-11D0-8D11-00A0C91BC942}") = "rbox", "build\rbox.vcxproj", "{1B7A1D90-AEDB-42A4-A1BD-B0C5CD430BF2}"
EndProject
Project("{8BC9CEB8-8B4A-11D0-8D11-00A0C91BC942}") = "testqset", "build\testqset.vcxproj", "{2D714931-0586-42C5-A0F9-1A4ECD251890}"
EndProject
Project("{8BC9CEB8-8B4A-11D0-8D11-00A0C91BC942}") = "testqset_r", "build\testqset_r.vcxproj", "{8C831027-7179-451A-9C7C-805381706037}"
EndProject
Project("{8BC9CEB8-8B4A-11D0-8D11-00A0C91BC942}") = "user_eg", "build\user_eg.vcxproj", "{6FE77AAD-0F23-416B-ABAC-C8A0A24F1441}"
EndProject
Project("{8BC9CEB8-8B4A-11D0-8D11-00A0C91BC942}") = "user_eg2", "build\user_eg2.vcxproj", "{782D2A68-F0EC-4D0E-B443-017E02FB53E8}"
EndProject
Project("{8BC9CEB8-8B4A-11D0-8D11-00A0C91BC942}") = "user_eg3", "build\user_eg3.vcxproj", "{83203305-79D5-412C-9819-0F9AD5C34EC1}"
EndProject
Global
	GlobalSection(SolutionConfigurationPlatforms) = preSolution
		Debug|Win32 = Debug|Win32
		Debug|x64 = Debug|x64
		Release|Win32 = Release|Win32
		Release|x64 = Release|x64
	EndGlobalSection
	GlobalSection(ProjectConfigurationPlatforms) = postSolution
		{51BD63AB-336E-4215-B725-21F144BCBCBC}.Debug|Win32.ActiveCfg = Debug|Win32
		{51BD63AB-336E-4215-B725-21F144BCBCBC}.Debug|Win32.Build.0 = Debug|Win32
		{51BD63AB-336E-4215-B725-21F144BCBCBC}.Debug|x64.ActiveCfg = Debug|x64
		{51BD63AB-336E-4215-B725-21F144BCBCBC}.Debug|x64.Build.0 = Debug|x64
		{51BD63AB-336E-4215-B725-21F144BCBCBC}.Release|Win32.ActiveCfg = Release|Win32
		{51BD63AB-336E-4215-B725-21F144BCBCBC}.Release|Win32.Build.0 = Release|Win32
		{51BD63AB-336E-4215-B725-21F144BCBCBC}.Release|x64.ActiveCfg = Release|x64
		{51BD63AB-336E-4215-B725-21F144BCBCBC}.Release|x64.Build.0 = Release|x64
		{F909F400-6805-477F-B85B-5230DED4CB55}.Debug|Win32.ActiveCfg = Debug|Win32
		{F909F400-6805-477F-B85B-5230DED4CB55}.Debug|Win32.Build.0 = Debug|Win32
		{F909F400-6805-477F-B85B-5230DED4CB55}.Debug|x64.ActiveCfg = Debug|x64
		{F909F400-6805-477F-B85B-5230DED4CB55}.Debug|x64.Build.0 = Debug|x64
		{F909F400-6805-477F-B85B-5230DED4CB55}.Release|Win32.ActiveCfg = Release|Win32
		{F909F400-6805-477F-B85B-5230DED4CB55}.Release|Win32.Build.0 = Release|Win32
		{F909F400-6805-477F-B85B-5230DED4CB55}.Release|x64.ActiveCfg = Release|x64
		{F909F400-6805-477F-B85B-5230DED4CB55}.Release|x64.Build.0 = Release|x64
		{10EB0D60-E1A6-41FC-BD86-A4BC5814B535}.Debug|Win32.ActiveCfg = Debug|Win32
		{10EB0D60-E1A6-41FC-BD86-A4BC5814B535}.Debug|Win32.Build.0 = Debug|Win32
		{10EB0D60-E1A6-41FC-BD86-A4BC5814B535}.Debug|x64.ActiveCfg = Debug|x64
		{10EB0D60-E1A6-41FC-BD86-A4BC5814B535}.Debug|x64.Build.0 = Debug|x64
		{10EB0D60-E1A6-41FC-BD86-A4BC5814B535}.Release|Win32.ActiveCfg = Release|Win32
		{10EB0D60-E1A6-41FC-BD86-A4BC5814B535}.Release|Win32.Build.0 = Release|Win32
		{10EB0D60-E1A6-41FC-BD86-A4BC5814B535}.Release|x64.ActiveCfg = Release|x64
		{10EB0D60-E1A6-41FC-BD86-A4BC5814B535}.Release|x64.Build.0 = Release|x64
		{4C67E982-8B07-43B8-836E-EB7495176740}.Debug|Win32.ActiveCfg = Debug|Win32
		{4C67E982-8B07-43B8-836E-EB7495176740}.Debug|Win32.Build.0 = Debug|Win32
		{4C67E982-8B07-43B8-836E-EB7495176740}.Debug|x64.ActiveCfg = Debug|x64
		{4C67E982-8B07-43B8-836E-EB7495176740}.Debug|x64.Build.0 = Debug|x64
		{4C67E982-8B07-43B8-836E-EB7495176740}.Release|Win32.ActiveCfg = Release|Win32
		{4C67E982-8B07-43B8-836E-EB7495176740}.Release|Win32.Build.0 = Release|Win32
		{4C67E982-8B07-43B8-836E-EB7495176740}.Release|x64.ActiveCfg = Release|x64
		{4C67E982-8B07-43B8-836E-EB7495176740}.Release|x64.Build.0 = Release|x64
		{6D8411B9-813D-4DE4-84B5-56C0BC381A14}.Debug|Win32.ActiveCfg = Debug|Win32
		{6D8411B9-813D-4DE4-84B5-56C0BC381A14}.Debug|Win32.Build.0 = Debug|Win32
		{6D8411B9-813D-4DE4-84B5-56C0BC381A14}.Debug|x64.ActiveCfg = Debug|x64
		{6D8411B9-813D-4DE4-84B5-56C0BC381A14}.Debug|x64.Build.0 = Debug|x64
		{6D8411B9-813D-4DE4-84B5-56C0BC381A14}.Release|Win32.ActiveCfg = Release|Win32
		{6D8411B9-813D-4DE4-84B5-56C0BC381A14}.Release|Win32.Build.0 = Release|Win32
		{6D8411B9-813D-4DE4-84B5-56C0BC381A14}.Release|x64.ActiveCfg = Release|x64
		{6D8411B9-813D-4DE4-84B5-56C0BC381A14}.Release|x64.Build.0 = Release|x64
		{DA9B53C4-2817-4E37-9181-E61959CBB0FE}.Debug|Win32.ActiveCfg = Debug|Win32
		{DA9B53C4-2817-4E37-9181-E61959CBB0FE}.Debug|Win32.Build.0 = Debug|Win32
		{DA9B53C4-2817-4E37-9181-E61959CBB0FE}.Debug|x64.ActiveCfg = Debug|x64
		{DA9B53C4-2817-4E37-9181-E61959CBB0FE}.Debug|x64.Build.0 = Debug|x64
		{DA9B53C4-2817-4E37-9181-E61959CBB0FE}.Release|Win32.ActiveCfg = Release|Win32
		{DA9B53C4-2817-4E37-9181-E61959CBB0FE}.Release|Win32.Build.0 = Release|Win32
		{DA9B53C4-2817-4E37-9181-E61959CBB0FE}.Release|x64.ActiveCfg = Release|x64
		{DA9B53C4-2817-4E37-9181-E61959CBB0FE}.Release|x64.Build.0 = Release|x64
		{7326816B-C401-4ACA-8027-03BA7A98C16B}.Debug|Win32.ActiveCfg = Debug|Win32
		{7326816B-C401-4ACA-8027-03BA7A98C16B}.Debug|Win32.Build.0 = Debug|Win32
		{7326816B-C401-4ACA-8027-03BA7A98C16B}.Debug|x64.ActiveCfg = Debug|x64
		{7326816B-C401-4ACA-8027-03BA7A98C16B}.Debug|x64.Build.0 = Debug|x64
		{7326816B-C401-4ACA-8027-03BA7A98C16B}.Release|Win32.ActiveCfg = Release|Win32
		{7326816B-C401-4ACA-8027-03BA7A98C16B}.Release|Win32.Build.0 = Release|Win32
		{7326816B-C401-4ACA-8027-03BA7A98C16B}.Release|x64.ActiveCfg = Release|x64
		{7326816B-C401-4ACA-8027-03BA7A98C16B}.Release|x64.Build.0 = Release|x64
		{5B24F2E7-EF6E-4AF6-B2CE-1E049B1A12AC}.Debug|Win32.ActiveCfg = Debug|Win32
		{5B24F2E7-EF6E-4AF6-B2CE-1E049B1A12AC}.Debug|Win32.Build.0 = Debug|Win32
		{5B24F2E7-EF6E-4AF6-B2CE-1E049B1A12AC}.Debug|x64.ActiveCfg = Debug|x64
		{5B24F2E7-EF6E-4AF6-B2CE-1E049B1A12AC}.Debug|x64.Build.0 = Debug|x64
		{5B24F2E7-EF6E-4AF6-B2CE-1E049B1A12AC}.Release|Win32.ActiveCfg = Release|Win32
		{5B24F2E7-EF6E-4AF6-B2CE-1E049B1A12AC}.Release|Win32.Build.0 = Release|Win32
		{5B24F2E7-EF6E-4AF6-B2CE-1E049B1A12AC}.Release|x64.ActiveCfg = Release|x64
		{5B24F2E7-EF6E-4AF6-B2CE-1E049B1A12AC}.Release|x64.Build.0 = Release|x64
		{635EC42D-5C25-4D20-B5C2-D0A0034EB9B8}.Debug|Win32.ActiveCfg = Debug|Win32
		{635EC42D-5C25-4D20-B5C2-D0A0034EB9B8}.Debug|Win32.Build.0 = Debug|Win32
		{635EC42D-5C25-4D20-B5C2-D0A0034EB9B8}.Debug|x64.ActiveCfg = Debug|x64
		{635EC42D-5C25-4D20-B5C2-D0A0034EB9B8}.Debug|x64.Build.0 = Debug|x64
		{635EC42D-5C25-4D20-B5C2-D0A0034EB9B8}.Release|Win32.ActiveCfg = Release|Win32
		{635EC42D-5C25-4D20-B5C2-D0A0034EB9B8}.Release|Win32.Build.0 = Release|Win32
		{635EC42D-5C25-4D20-B5C2-D0A0034EB9B8}.Release|x64.ActiveCfg = Release|x64
		{635EC42D-5C25-4D20-B5C2-D0A0034EB9B8}.Release|x64.Build.0 = Release|x64
		{0807C09D-455C-417A-A979-2081F170C923}.Debug|Win32.ActiveCfg = Debug|Win32
		{0807C09D-455C-417A-A979-2081F170C923}.Debug|Win32.Build.0 = Debug|Win32
		{0807C09D-455C-417A-A979-2081F170C923}.Debug|x64.ActiveCfg = Debug|x64
		{0807C09D-455C-417A-A979-2081F170C923}.Debug|x64.Build.0 = Debug|x64
		{0807C09D-455C-417A-A979-2081F170C923}.Release|Win32.ActiveCfg = Release|Win32
		{0807C09D-455C-417A-A979-2081F170C923}.Release|Win32.Build.0 = Release|Win32
		{0807C09D-455C-417A-A979-2081F170C923}.Release|x64.ActiveCfg = Release|x64
		{0807C09D-455C-417A-A979-2081F170C923}.Release|x64.Build.0 = Release|x64
		{1B7A1D90-AEDB-42A4-A1BD-B0C5CD430BF2}.Debug|Win32.ActiveCfg = Debug|Win32
		{1B7A1D90-AEDB-42A4-A1BD-B0C5CD430BF2}.Debug|Win32.Build.0 = Debug|Win32
		{1B7A1D90-AEDB-42A4-A1BD-B0C5CD430BF2}.Debug|x64.ActiveCfg = Debug|x64
		{1B7A1D90-AEDB-42A4-A1BD-B0C5CD430BF2}.Debug|x64.Build.0 = Debug|x64
		{1B7A1D90-AEDB-42A4-A1BD-B0C5CD430BF2}.Release|Win32.ActiveCfg = Release|Win32
		{1B7A1D90-AEDB-42A4-A1BD-B0C5CD430BF2}.Release|Win32.Build.0 = Release|Win32
		{1B7A1D90-AEDB-42A4-A1BD-B0C5CD430BF2}.Release|x64.ActiveCfg = Release|x64
		{1B7A1D90-AEDB-42A4-A1BD-B0C5CD430BF2}.Release|x64.Build.0 = Release|x64
		{2D714931-0586-42C5-A0F9-1A4ECD251890}.Debug|Win32.ActiveCfg = Debug|Win32
		{2D714931-0586-42C5-A0F9-1A4ECD251890}.Debug|Win32.Build.0 = Debug|Win32
		{2D714931-0586-42C5-A0F9-1A4ECD251890}.Debug|x64.ActiveCfg = Debug|x64
		{2D714931-0586-42C5-A0F9-1A4ECD251890}.Debug|x64.Build.0 = Debug|x64
		{2D714931-0586-42C5-A0F9-1A4ECD251890}.Release|Win32.ActiveCfg = Release|Win32
		{2D714931-0586-42C5-A0F9-1A4ECD251890}.Release|Win32.Build.0 = Release|Win32
		{2D714931-0586-42C5-A0F9-1A4ECD251890}.Release|x64.ActiveCfg = Release|x64
		{2D714931-0586-42C5-A0F9-1A4ECD251890}.Release|x64.Build.0 = Release|x64
		{8C831027-7179-451A-9C7C-805381706037}.Debug|Win32.ActiveCfg = Debug|Win32
		{8C831027-7179-451A-9C7C-805381706037}.Debug|Win32.Build.0 = Debug|Win32
		{8C831027-7179-451A-9C7C-805381706037}.Debug|x64.ActiveCfg = Debug|x64
		{8C831027-7179-451A-9C7C-805381706037}.Debug|x64.Build.0 = Debug|x64
		{8C831027-7179-451A-9C7C-805381706037}.Release|Win32.ActiveCfg = Release|Win32
		{8C831027-7179-451A-9C7C-805381706037}.Release|Win32.Build.0 = Release|Win32
		{8C831027-7179-451A-9C7C-805381706037}.Release|x64.ActiveCfg = Release|x64
		{8C831027-7179-451A-9C7C-805381706037}.Release|x64.Build.0 = Release|x64
		{6FE77AAD-0F23-416B-ABAC-C8A0A24F1441}.Debug|Win32.ActiveCfg = Debug|Win32
		{6FE77AAD-0F23-416B-ABAC-C8A0A24F1441}.Debug|Win32.Build.0 = Debug|Win32
		{6FE77AAD-0F23-416B-ABAC-C8A0A24F1441}.Debug|x64.ActiveCfg = Debug|x64
		{6FE77AAD-0F23-416B-ABAC-C8A0A24F1441}.Debug|x64.Build.0 = Debug|x64
		{6FE77AAD-0F23-416B-ABAC-C8A0A24F1441}.Release|Win32.ActiveCfg = Release|Win32
		{6FE77AAD-0F23-416B-ABAC-C8A0A24F1441}.Release|Win32.Build.0 = Release|Win32
		{6FE77AAD-0F23-416B-ABAC-C8A0A24F1441}.Release|x64.ActiveCfg = Release|x64
		{6FE77AAD-0F23-416B-ABAC-C8A0A24F1441}.Release|x64.Build.0 = Release|x64
		{782D2A68-F0EC-4D0E-B443-017E02FB53E8}.Debug|Win32.ActiveCfg = Debug|Win32
		{782D2A68-F0EC-4D0E-B443-017E02FB53E8}.Debug|Win32.Build.0 = Debug|Win32
		{782D2A68-F0EC-4D0E-B443-017E02FB53E8}.Debug|x64.ActiveCfg = Debug|x64
		{782D2A68-F0EC-4D0E-B443-017E02FB53E8}.Debug|x64.Build.0 = Debug|x64
		{782D2A68-F0EC-4D0E-B443-017E02FB53E8}.Release|Win32.ActiveCfg = Release|Win32
		{782D2A68-F0EC-4D0E-B443-017E02FB53E8}.Release|Win32.Build.0 = Release|Win32
		{782D2A68-F0EC-4D0E-B443-017E02FB53E8}.Release|x64.ActiveCfg = Release|x64
		{782D2A68-F0EC-4D0E-B443-017E02FB53E8}.Release|x64.Build.0 = Release|x64
		{83203305-79D5-412C-9819-0F9AD5C34EC1}.Debug|Win32.ActiveCfg = Debug|Win32
		{83203305-79D5-412C-9819-0F9AD5C34EC1}.Debug|Win32.Build.0 = Debug|Win32
		{83203305-79D5-412C-9819-0F9AD5C34EC1}.Debug|x64.ActiveCfg = Debug|x64
		{83203305-79D5-412C-9819-0F9AD5C34EC1}.Debug|x64.Build.0 = Debug|x64
		{83203305-79D5-412C-9819-0F9AD5C34EC1}.Release|Win32.ActiveCfg = Release|Win32
		{83203305-79D5-412C-9819-0F9AD5C34EC1}.Release|Win32.Build.0 = Release|Win32
		{83203305-79D5-412C-9819-0F9AD5C34EC1}.Release|x64.ActiveCfg = Release|x64
		{83203305-79D5-412C-9819-0F9AD5C34EC1}.Release|x64.Build.0 = Release|x64
	EndGlobalSection
	GlobalSection(SolutionProperties) = preSolution
		HideSolutionNode = FALSE
	EndGlobalSection
	GlobalSection(ExtensibilityGlobals) = postSolution
		SolutionGuid = {AF367088-0842-44AF-8658-A48190ADAFDB}
	EndGlobalSection
EndGlobal
